
Microsoft Visual Studio Solution File, Format Version 12.00
# Visual Studio Version 17
VisualStudioVersion = 17.0.31612.314
MinimumVisualStudioVersion = 10.0.40219.1
Project("{9A19103F-16F7-4668-BE54-9A1E7A4F7556}") = "ToDoList", "ToDoList\ToDoList.csproj", "{26AAB5B7-326E-44D8-A17F-2BA22E2F54D6}"
EndProject
Project("{FAE04EC0-301F-11D3-BF4B-00C04F79EFBC}") = "UserTest", "UserTest\UserTest.csproj", "{FE4D6AFF-C293-42BE-8698-1A1C9F878F3E}"
EndProject
Global
	GlobalSection(SolutionConfigurationPlatforms) = preSolution
		Debug|Any CPU = Debug|Any CPU
		Debug|x64 = Debug|x64
		Debug|x86 = Debug|x86
		Release|Any CPU = Release|Any CPU
		Release|x64 = Release|x64
		Release|x86 = Release|x86
	EndGlobalSection
	GlobalSection(ProjectConfigurationPlatforms) = postSolution
		{26AAB5B7-326E-44D8-A17F-2BA22E2F54D6}.Debug|Any CPU.ActiveCfg = Debug|Any CPU
		{26AAB5B7-326E-44D8-A17F-2BA22E2F54D6}.Debug|Any CPU.Build.0 = Debug|Any CPU
		{26AAB5B7-326E-44D8-A17F-2BA22E2F54D6}.Debug|x64.ActiveCfg = Debug|Any CPU
		{26AAB5B7-326E-44D8-A17F-2BA22E2F54D6}.Debug|x64.Build.0 = Debug|Any CPU
		{26AAB5B7-326E-44D8-A17F-2BA22E2F54D6}.Debug|x86.ActiveCfg = Debug|Any CPU
		{26AAB5B7-326E-44D8-A17F-2BA22E2F54D6}.Debug|x86.Build.0 = Debug|Any CPU
		{26AAB5B7-326E-44D8-A17F-2BA22E2F54D6}.Release|Any CPU.ActiveCfg = Release|Any CPU
		{26AAB5B7-326E-44D8-A17F-2BA22E2F54D6}.Release|Any CPU.Build.0 = Release|Any CPU
		{26AAB5B7-326E-44D8-A17F-2BA22E2F54D6}.Release|x64.ActiveCfg = Release|Any CPU
		{26AAB5B7-326E-44D8-A17F-2BA22E2F54D6}.Release|x64.Build.0 = Release|Any CPU
		{26AAB5B7-326E-44D8-A17F-2BA22E2F54D6}.Release|x86.ActiveCfg = Release|Any CPU
		{26AAB5B7-326E-44D8-A17F-2BA22E2F54D6}.Release|x86.Build.0 = Release|Any CPU
		{FE4D6AFF-C293-42BE-8698-1A1C9F878F3E}.Debug|Any CPU.ActiveCfg = Debug|Any CPU
		{FE4D6AFF-C293-42BE-8698-1A1C9F878F3E}.Debug|Any CPU.Build.0 = Debug|Any CPU
		{FE4D6AFF-C293-42BE-8698-1A1C9F878F3E}.Debug|x64.ActiveCfg = Debug|Any CPU
		{FE4D6AFF-C293-42BE-8698-1A1C9F878F3E}.Debug|x64.Build.0 = Debug|Any CPU
		{FE4D6AFF-C293-42BE-8698-1A1C9F878F3E}.Debug|x86.ActiveCfg = Debug|Any CPU
		{FE4D6AFF-C293-42BE-8698-1A1C9F878F3E}.Debug|x86.Build.0 = Debug|Any CPU
		{FE4D6AFF-C293-42BE-8698-1A1C9F878F3E}.Release|Any CPU.ActiveCfg = Release|Any CPU
		{FE4D6AFF-C293-42BE-8698-1A1C9F878F3E}.Release|Any CPU.Build.0 = Release|Any CPU
		{FE4D6AFF-C293-42BE-8698-1A1C9F878F3E}.Release|x64.ActiveCfg = Release|Any CPU
		{FE4D6AFF-C293-42BE-8698-1A1C9F878F3E}.Release|x64.Build.0 = Release|Any CPU
		{FE4D6AFF-C293-42BE-8698-1A1C9F878F3E}.Release|x86.ActiveCfg = Release|Any CPU
		{FE4D6AFF-C293-42BE-8698-1A1C9F878F3E}.Release|x86.Build.0 = Release|Any CPU
	EndGlobalSection
	GlobalSection(SolutionProperties) = preSolution
		HideSolutionNode = FALSE
	EndGlobalSection
	GlobalSection(ExtensibilityGlobals) = postSolution
		SolutionGuid = {2C3A84B2-D718-430E-BBD7-7664638E6F3A}
	EndGlobalSection
EndGlobal
